<?xml version="1.0" encoding="utf-8"?>
<Project ToolsVersion="4.0" xmlns="http://schemas.microsoft.com/developer/msbuild/2003">
  <ItemGroup>
    <Filter Include="Source Files">
      <UniqueIdentifier>{4FC737F1-C7A5-4376-A066-2A32D752A2FF}</UniqueIdentifier>
      <Extensions>cpp;c;cc;cxx;def;odl;idl;hpj;bat;asm;asmx</Extensions>
    </Filter>
    <Filter Include="Header Files">
      <UniqueIdentifier>{93995380-89BD-4b04-88EB-625FBE52EBFB}</UniqueIdentifier>
      <Extensions>h;hh;hpp;hxx;hm;inl;inc;xsd</Extensions>
    </Filter>
    <Filter Include="Resource Files">
      <UniqueIdentifier>{67DA6AB6-F800-4c08-8B7A-83BB121AAD01}</UniqueIdentifier>
      <Extensions>rc;ico;cur;bmp;dlg;rc2;rct;bin;rgs;gif;jpg;jpeg;jpe;resx;tiff;tif;png;wav;mfcribbon-ms</Extensions>
    </Filter>
  </ItemGroup>
  <ItemGroup>
    <ClCompile Include="zrodlo\gl.cpp">
      <Filter>Source Files</Filter>
    </ClCompile>
    <ClCompile Include="..\moonstone\main.cpp">
      <Filter>Source Files</Filter>
    </ClCompile>
    <ClCompile Include="zrodlo\globalne.cpp">
      <Filter>Source Files</Filter>
    </ClCompile>
    <ClCompile Include="zrodlo\debug.cpp">
      <Filter>Source Files</Filter>
    </ClCompile>
    <ClCompile Include="zrodlo\wejscie.cpp">
      <Filter>Source Files</Filter>
    </ClCompile>
    <ClCompile Include="zrodlo\logika.cpp">
      <Filter>Source Files</Filter>
    </ClCompile>
    <ClCompile Include="zrodlo\testy.cpp">
      <Filter>Source Files</Filter>
    </ClCompile>
    <ClCompile Include="zrodlo\swiat.cpp">
      <Filter>Source Files</Filter>
    </ClCompile>
    <ClCompile Include="zrodlo\fizyka.cpp">
      <Filter>Source Files</Filter>
    </ClCompile>
    <ClCompile Include="zrodlo\zasobyGraf.cpp">
      <Filter>Source Files</Filter>
    </ClCompile>
    <ClCompile Include="zrodlo\obiekty.cpp">
      <Filter>Source Files</Filter>
    </ClCompile>
    <ClCompile Include="zrodlo\listaObiekty.cpp">
      <Filter>Source Files</Filter>
    </ClCompile>
    <ClCompile Include="zrodlo\grafika.cpp">
      <Filter>Source Files</Filter>
    </ClCompile>
  </ItemGroup>
  <ItemGroup>
    <None Include="zrodlo\b.bat">
      <Filter>Source Files</Filter>
    </None>
    <None Include="zrodlo\c.bat">
      <Filter>Source Files</Filter>
    </None>
  </ItemGroup>
  <ItemGroup>
    <FxCompile Include="zrodlo\szader\efekty.fx">
      <Filter>Source Files</Filter>
    </FxCompile>
  </ItemGroup>
  <ItemGroup>
    <ClInclude Include="zrodlo\fizyka.h">
      <Filter>Resource Files</Filter>
    </ClInclude>
    <ClInclude Include="zrodlo\globalne.h">
      <Filter>Resource Files</Filter>
    </ClInclude>
    <ClInclude Include="zrodlo\debug.h">
      <Filter>Resource Files</Filter>
    </ClInclude>
    <ClInclude Include="zrodlo\zasobyGraf.h">
      <Filter>Resource Files</Filter>
    </ClInclude>
    <ClInclude Include="zrodlo\swiat.h">
      <Filter>Resource Files</Filter>
    </ClInclude>
    <ClInclude Include="zrodlo\wejscie.h">
      <Filter>Resource Files</Filter>
    </ClInclude>
    <ClInclude Include="zrodlo\logika.h">
      <Filter>Resource Files</Filter>
    </ClInclude>
    <ClInclude Include="zrodlo\testy.h">
      <Filter>Resource Files</Filter>
    </ClInclude>
    <ClInclude Include="zrodlo\obiekty.h">
      <Filter>Resource Files</Filter>
    </ClInclude>
    <ClInclude Include="zrodlo\typedefy.h">
      <Filter>Resource Files</Filter>
    </ClInclude>
    <ClInclude Include="zrodlo\listaObiekty.h">
      <Filter>Resource Files</Filter>
    </ClInclude>
    <ClInclude Include="zrodlo\grafika.h">
      <Filter>Resource Files</Filter>
    </ClInclude>
  </ItemGroup>
</Project>